
Microsoft Visual Studio Solution File, Format Version 12.00
# Visual Studio Version 16
VisualStudioVersion = 16.0.30011.22
MinimumVisualStudioVersion = 10.0.40219.1
Project("{FAE04EC0-301F-11D3-BF4B-00C04F79EFBC}") = "SDSD-DeveloperTest-MVC5", "SDSD-DeveloperTest-MVC5.csproj", "{6F139D0E-6CCA-4370-A971-041FF5E310B1}"
EndProject
Global
	GlobalSection(SolutionConfigurationPlatforms) = preSolution
		Debug|Any CPU = Debug|Any CPU
		Release|Any CPU = Release|Any CPU
	EndGlobalSection
	GlobalSection(ProjectConfigurationPlatforms) = postSolution
		{6F139D0E-6CCA-4370-A971-041FF5E310B1}.Debug|Any CPU.ActiveCfg = Debug|Any CPU
		{6F139D0E-6CCA-4370-A971-041FF5E310B1}.Debug|Any CPU.Build.0 = Debug|Any CPU
		{6F139D0E-6CCA-4370-A971-041FF5E310B1}.Release|Any CPU.ActiveCfg = Release|Any CPU
		{6F139D0E-6CCA-4370-A971-041FF5E310B1}.Release|Any CPU.Build.0 = Release|Any CPU
	EndGlobalSection
	GlobalSection(SolutionProperties) = preSolution
		HideSolutionNode = FALSE
	EndGlobalSection
	GlobalSection(ExtensibilityGlobals) = postSolution
		SolutionGuid = {847FCCE3-D7A7-45BE-95C7-DC9D820F1EE6}
	EndGlobalSection
EndGlobal
